// !$*UTF8*$!
{
	archiveVersion = 1;
	classes = {
	};
	objectVersion = 46;
	objects = {

/* Begin PBXBuildFile section */
		EFE31F461C3F5E6F00A4F063 /* main.m in Sources */ = {isa = PBXBuildFile; fileRef = EFE31F451C3F5E6F00A4F063 /* main.m */; };
		EFE31F491C3F5E6F00A4F063 /* AppDelegate.m in Sources */ = {isa = PBXBuildFile; fileRef = EFE31F481C3F5E6F00A4F063 /* AppDelegate.m */; };
		EFE31F4C1C3F5E6F00A4F063 /* ViewController.m in Sources */ = {isa = PBXBuildFile; fileRef = EFE31F4B1C3F5E6F00A4F063 /* ViewController.m */; };
		EFE31F4F1C3F5E6F00A4F063 /* Main.storyboard in Resources */ = {isa = PBXBuildFile; fileRef = EFE31F4D1C3F5E6F00A4F063 /* Main.storyboard */; };
		EFE31F511C3F5E6F00A4F063 /* Assets.xcassets in Resources */ = {isa = PBXBuildFile; fileRef = EFE31F501C3F5E6F00A4F063 /* Assets.xcassets */; };
		EFE31F541C3F5E6F00A4F063 /* LaunchScreen.storyboard in Resources */ = {isa = PBXBuildFile; fileRef = EFE31F521C3F5E6F00A4F063 /* LaunchScreen.storyboard */; };
		EFE31F5F1C3F5E6F00A4F063 /* LXDEncodingTests.m in Sources */ = {isa = PBXBuildFile; fileRef = EFE31F5E1C3F5E6F00A4F063 /* LXDEncodingTests.m */; };
		EFE31F6A1C3F5E6F00A4F063 /* LXDEncodingUITests.m in Sources */ = {isa = PBXBuildFile; fileRef = EFE31F691C3F5E6F00A4F063 /* LXDEncodingUITests.m */; };
		EFE31F7A1C3F607800A4F063 /* LXDCodeClass.m in Sources */ = {isa = PBXBuildFile; fileRef = EFE31F791C3F607800A4F063 /* LXDCodeClass.m */; };
/* End PBXBuildFile section */

/* Begin PBXContainerItemProxy section */
		EFE31F5B1C3F5E6F00A4F063 /* PBXContainerItemProxy */ = {
			isa = PBXContainerItemProxy;
			containerPortal = EFE31F391C3F5E6F00A4F063 /* Project object */;
			proxyType = 1;
			remoteGlobalIDString = EFE31F401C3F5E6F00A4F063;
			remoteInfo = LXDEncoding;
		};
		EFE31F661C3F5E6F00A4F063 /* PBXContainerItemProxy */ = {
			isa = PBXContainerItemProxy;
			containerPortal = EFE31F391C3F5E6F00A4F063 /* Project object */;
			proxyType = 1;
			remoteGlobalIDString = EFE31F401C3F5E6F00A4F063;
			remoteInfo = LXDEncoding;
		};
/* End PBXContainerItemProxy section */

/* Begin PBXFileReference section */
		EFE31F411C3F5E6F00A4F063 /* LXDEncoding.app */ = {isa = PBXFileReference; explicitFileType = wrapper.application; includeInIndex = 0; path = LXDEncoding.app; sourceTree = BUILT_PRODUCTS_DIR; };
		EFE31F451C3F5E6F00A4F063 /* main.m */ = {isa = PBXFileReference; lastKnownFileType = sourcecode.c.objc; path = main.m; sourceTree = "<group>"; };
		EFE31F471C3F5E6F00A4F063 /* AppDelegate.h */ = {isa = PBXFileReference; lastKnownFileType = sourcecode.c.h; path = AppDelegate.h; sourceTree = "<group>"; };
		EFE31F481C3F5E6F00A4F063 /* AppDelegate.m */ = {isa = PBXFileReference; lastKnownFileType = sourcecode.c.objc; path = AppDelegate.m; sourceTree = "<group>"; };
		EFE31F4A1C3F5E6F00A4F063 /* ViewController.h */ = {isa = PBXFileReference; lastKnownFileType = sourcecode.c.h; path = ViewController.h; sourceTree = "<group>"; };
		EFE31F4B1C3F5E6F00A4F063 /* ViewController.m */ = {isa = PBXFileReference; lastKnownFileType = sourcecode.c.objc; path = ViewController.m; sourceTree = "<group>"; };
		EFE31F4E1C3F5E6F00A4F063 /* Base */ = {isa = PBXFileReference; lastKnownFileType = file.storyboard; name = Base; path = Base.lproj/Main.storyboard; sourceTree = "<group>"; };
		EFE31F501C3F5E6F00A4F063 /* Assets.xcassets */ = {isa = PBXFileReference; lastKnownFileType = folder.assetcatalog; path = Assets.xcassets; sourceTree = "<group>"; };
		EFE31F531C3F5E6F00A4F063 /* Base */ = {isa = PBXFileReference; lastKnownFileType = file.storyboard; name = Base; path = Base.lproj/LaunchScreen.storyboard; sourceTree = "<group>"; };
		EFE31F551C3F5E6F00A4F063 /* Info.plist */ = {isa = PBXFileReference; lastKnownFileType = text.plist.xml; path = Info.plist; sourceTree = "<group>"; };
		EFE31F5A1C3F5E6F00A4F063 /* LXDEncodingTests.xctest */ = {isa = PBXFileReference; explicitFileType = wrapper.cfbundle; includeInIndex = 0; path = LXDEncodingTests.xctest; sourceTree = BUILT_PRODUCTS_DIR; };
		EFE31F5E1C3F5E6F00A4F063 /* LXDEncodingTests.m */ = {isa = PBXFileReference; lastKnownFileType = sourcecode.c.objc; path = LXDEncodingTests.m; sourceTree = "<group>"; };
		EFE31F601C3F5E6F00A4F063 /* Info.plist */ = {isa = PBXFileReference; lastKnownFileType = text.plist.xml; path = Info.plist; sourceTree = "<group>"; };
		EFE31F651C3F5E6F00A4F063 /* LXDEncodingUITests.xctest */ = {isa = PBXFileReference; explicitFileType = wrapper.cfbundle; includeInIndex = 0; path = LXDEncodingUITests.xctest; sourceTree = BUILT_PRODUCTS_DIR; };
		EFE31F691C3F5E6F00A4F063 /* LXDEncodingUITests.m */ = {isa = PBXFileReference; lastKnownFileType = sourcecode.c.objc; path = LXDEncodingUITests.m; sourceTree = "<group>"; };
		EFE31F6B1C3F5E6F00A4F063 /* Info.plist */ = {isa = PBXFileReference; lastKnownFileType = text.plist.xml; path = Info.plist; sourceTree = "<group>"; };
		EFE31F771C3F5E7C00A4F063 /* LXDEncoding.h */ = {isa = PBXFileReference; lastKnownFileType = sourcecode.c.h; path = LXDEncoding.h; sourceTree = "<group>"; };
		EFE31F781C3F607800A4F063 /* LXDCodeClass.h */ = {isa = PBXFileReference; fileEncoding = 4; lastKnownFileType = sourcecode.c.h; path = LXDCodeClass.h; sourceTree = "<group>"; };
		EFE31F791C3F607800A4F063 /* LXDCodeClass.m */ = {isa = PBXFileReference; fileEncoding = 4; lastKnownFileType = sourcecode.c.objc; path = LXDCodeClass.m; sourceTree = "<group>"; };
/* End PBXFileReference section */

/* Begin PBXFrameworksBuildPhase section */
		EFE31F3E1C3F5E6F00A4F063 /* Frameworks */ = {
			isa = PBXFrameworksBuildPhase;
			buildActionMask = 2147483647;
			files = (
			);
			runOnlyForDeploymentPostprocessing = 0;
		};
		EFE31F571C3F5E6F00A4F063 /* Frameworks */ = {
			isa = PBXFrameworksBuildPhase;
			buildActionMask = 2147483647;
			files = (
			);
			runOnlyForDeploymentPostprocessing = 0;
		};
		EFE31F621C3F5E6F00A4F063 /* Frameworks */ = {
			isa = PBXFrameworksBuildPhase;
			buildActionMask = 2147483647;
			files = (
			);
			runOnlyForDeploymentPostprocessing = 0;
		};
/* End PBXFrameworksBuildPhase section */

/* Begin PBXGroup section */
		EFE31F381C3F5E6F00A4F063 = {
			isa = PBXGroup;
			children = (
				EFE31F431C3F5E6F00A4F063 /* LXDEncoding */,
				EFE31F5D1C3F5E6F00A4F063 /* LXDEncodingTests */,
				EFE31F681C3F5E6F00A4F063 /* LXDEncodingUITests */,
				EFE31F421C3F5E6F00A4F063 /* Products */,
			);
			sourceTree = "<group>";
		};
		EFE31F421C3F5E6F00A4F063 /* Products */ = {
			isa = PBXGroup;
			children = (
				EFE31F411C3F5E6F00A4F063 /* LXDEncoding.app */,
				EFE31F5A1C3F5E6F00A4F063 /* LXDEncodingTests.xctest */,
				EFE31F651C3F5E6F00A4F063 /* LXDEncodingUITests.xctest */,
			);
			name = Products;
			sourceTree = "<group>";
		};
		EFE31F431C3F5E6F00A4F063 /* LXDEncoding */ = {
			isa = PBXGroup;
			children = (
				EFE31F771C3F5E7C00A4F063 /* LXDEncoding.h */,
				EFE31F781C3F607800A4F063 /* LXDCodeClass.h */,
				EFE31F791C3F607800A4F063 /* LXDCodeClass.m */,
				EFE31F471C3F5E6F00A4F063 /* AppDelegate.h */,
				EFE31F481C3F5E6F00A4F063 /* AppDelegate.m */,
				EFE31F4A1C3F5E6F00A4F063 /* ViewController.h */,
				EFE31F4B1C3F5E6F00A4F063 /* ViewController.m */,
				EFE31F4D1C3F5E6F00A4F063 /* Main.storyboard */,
				EFE31F501C3F5E6F00A4F063 /* Assets.xcassets */,
				EFE31F521C3F5E6F00A4F063 /* LaunchScreen.storyboard */,
				EFE31F551C3F5E6F00A4F063 /* Info.plist */,
				EFE31F441C3F5E6F00A4F063 /* Supporting Files */,
			);
			path = LXDEncoding;
			sourceTree = "<group>";
		};
		EFE31F441C3F5E6F00A4F063 /* Supporting Files */ = {
			isa = PBXGroup;
			children = (
				EFE31F451C3F5E6F00A4F063 /* main.m */,
			);
			name = "Supporting Files";
			sourceTree = "<group>";
		};
		EFE31F5D1C3F5E6F00A4F063 /* LXDEncodingTests */ = {
			isa = PBXGroup;
			children = (
				EFE31F5E1C3F5E6F00A4F063 /* LXDEncodingTests.m */,
				EFE31F601C3F5E6F00A4F063 /* Info.plist */,
			);
			path = LXDEncodingTests;
			sourceTree = "<group>";
		};
		EFE31F681C3F5E6F00A4F063 /* LXDEncodingUITests */ = {
			isa = PBXGroup;
			children = (
				EFE31F691C3F5E6F00A4F063 /* LXDEncodingUITests.m */,
				EFE31F6B1C3F5E6F00A4F063 /* Info.plist */,
			);
			path = LXDEncodingUITests;
			sourceTree = "<group>";
		};
/* End PBXGroup section */

/* Begin PBXNativeTarget section */
		EFE31F401C3F5E6F00A4F063 /* LXDEncoding */ = {
			isa = PBXNativeTarget;
			buildConfigurationList = EFE31F6E1C3F5E6F00A4F063 /* Build configuration list for PBXNativeTarget "LXDEncoding" */;
			buildPhases = (
				EFE31F3D1C3F5E6F00A4F063 /* Sources */,
				EFE31F3E1C3F5E6F00A4F063 /* Frameworks */,
				EFE31F3F1C3F5E6F00A4F063 /* Resources */,
			);
			buildRules = (
			);
			dependencies = (
			);
			name = LXDEncoding;
			productName = LXDEncoding;
			productReference = EFE31F411C3F5E6F00A4F063 /* LXDEncoding.app */;
			productType = "com.apple.product-type.application";
		};
		EFE31F591C3F5E6F00A4F063 /* LXDEncodingTests */ = {
			isa = PBXNativeTarget;
			buildConfigurationList = EFE31F711C3F5E6F00A4F063 /* Build configuration list for PBXNativeTarget "LXDEncodingTests" */;
			buildPhases = (
				EFE31F561C3F5E6F00A4F063 /* Sources */,
				EFE31F571C3F5E6F00A4F063 /* Frameworks */,
				EFE31F581C3F5E6F00A4F063 /* Resources */,
			);
			buildRules = (
			);
			dependencies = (
				EFE31F5C1C3F5E6F00A4F063 /* PBXTargetDependency */,
			);
			name = LXDEncodingTests;
			productName = LXDEncodingTests;
			productReference = EFE31F5A1C3F5E6F00A4F063 /* LXDEncodingTests.xctest */;
			productType = "com.apple.product-type.bundle.unit-test";
		};
		EFE31F641C3F5E6F00A4F063 /* LXDEncodingUITests */ = {
			isa = PBXNativeTarget;
			buildConfigurationList = EFE31F741C3F5E6F00A4F063 /* Build configuration list for PBXNativeTarget "LXDEncodingUITests" */;
			buildPhases = (
				EFE31F611C3F5E6F00A4F063 /* Sources */,
				EFE31F621C3F5E6F00A4F063 /* Frameworks */,
				EFE31F631C3F5E6F00A4F063 /* Resources */,
			);
			buildRules = (
			);
			dependencies = (
				EFE31F671C3F5E6F00A4F063 /* PBXTargetDependency */,
			);
			name = LXDEncodingUITests;
			productName = LXDEncodingUITests;
			productReference = EFE31F651C3F5E6F00A4F063 /* LXDEncodingUITests.xctest */;
			productType = "com.apple.product-type.bundle.ui-testing";
		};
/* End PBXNativeTarget section */

/* Begin PBXProject section */
		EFE31F391C3F5E6F00A4F063 /* Project object */ = {
			isa = PBXProject;
			attributes = {
				LastUpgradeCheck = 0720;
				ORGANIZATIONNAME = SindriLin;
				TargetAttributes = {
					EFE31F401C3F5E6F00A4F063 = {
						CreatedOnToolsVersion = 7.2;
					};
					EFE31F591C3F5E6F00A4F063 = {
						CreatedOnToolsVersion = 7.2;
						TestTargetID = EFE31F401C3F5E6F00A4F063;
					};
					EFE31F641C3F5E6F00A4F063 = {
						CreatedOnToolsVersion = 7.2;
						TestTargetID = EFE31F401C3F5E6F00A4F063;
					};
				};
			};
			buildConfigurationList = EFE31F3C1C3F5E6F00A4F063 /* Build configuration list for PBXProject "LXDEncoding" */;
			compatibilityVersion = "Xcode 3.2";
			developmentRegion = English;
			hasScannedForEncodings = 0;
			knownRegions = (
				en,
				Base,
			);
			mainGroup = EFE31F381C3F5E6F00A4F063;
			productRefGroup = EFE31F421C3F5E6F00A4F063 /* Products */;
			projectDirPath = "";
			projectRoot = "";
			targets = (
				EFE31F401C3F5E6F00A4F063 /* LXDEncoding */,
				EFE31F591C3F5E6F00A4F063 /* LXDEncodingTests */,
				EFE31F641C3F5E6F00A4F063 /* LXDEncodingUITests */,
			);
		};
/* End PBXProject section */

/* Begin PBXResourcesBuildPhase section */
		EFE31F3F1C3F5E6F00A4F063 /* Resources */ = {
			isa = PBXResourcesBuildPhase;
			buildActionMask = 2147483647;
			files = (
				EFE31F541C3F5E6F00A4F063 /* LaunchScreen.storyboard in Resources */,
				EFE31F511C3F5E6F00A4F063 /* Assets.xcassets in Resources */,
				EFE31F4F1C3F5E6F00A4F063 /* Main.storyboard in Resources */,
			);
			runOnlyForDeploymentPostprocessing = 0;
		};
		EFE31F581C3F5E6F00A4F063 /* Resources */ = {
			isa = PBXResourcesBuildPhase;
			buildActionMask = 2147483647;
			files = (
			);
			runOnlyForDeploymentPostprocessing = 0;
		};
		EFE31F631C3F5E6F00A4F063 /* Resources */ = {
			isa = PBXResourcesBuildPhase;
			buildActionMask = 2147483647;
			files = (
			);
			runOnlyForDeploymentPostprocessing = 0;
		};
/* End PBXResourcesBuildPhase section */

/* Begin PBXSourcesBuildPhase section */
		EFE31F3D1C3F5E6F00A4F063 /* Sources */ = {
			isa = PBXSourcesBuildPhase;
			buildActionMask = 2147483647;
			files = (
				EFE31F4C1C3F5E6F00A4F063 /* ViewController.m in Sources */,
				EFE31F491C3F5E6F00A4F063 /* AppDelegate.m in Sources */,
				EFE31F7A1C3F607800A4F063 /* LXDCodeClass.m in Sources */,
				EFE31F461C3F5E6F00A4F063 /* main.m in Sources */,
			);
			runOnlyForDeploymentPostprocessing = 0;
		};
		EFE31F561C3F5E6F00A4F063 /* Sources */ = {
			isa = PBXSourcesBuildPhase;
			buildActionMask = 2147483647;
			files = (
				EFE31F5F1C3F5E6F00A4F063 /* LXDEncodingTests.m in Sources */,
			);
			runOnlyForDeploymentPostprocessing = 0;
		};
		EFE31F611C3F5E6F00A4F063 /* Sources */ = {
			isa = PBXSourcesBuildPhase;
			buildActionMask = 2147483647;
			files = (
				EFE31F6A1C3F5E6F00A4F063 /* LXDEncodingUITests.m in Sources */,
			);
			runOnlyForDeploymentPostprocessing = 0;
		};
/* End PBXSourcesBuildPhase section */

/* Begin PBXTargetDependency section */
		EFE31F5C1C3F5E6F00A4F063 /* PBXTargetDependency */ = {
			isa = PBXTargetDependency;
			target = EFE31F401C3F5E6F00A4F063 /* LXDEncoding */;
			targetProxy = EFE31F5B1C3F5E6F00A4F063 /* PBXContainerItemProxy */;
		};
		EFE31F671C3F5E6F00A4F063 /* PBXTargetDependency */ = {
			isa = PBXTargetDependency;
			target = EFE31F401C3F5E6F00A4F063 /* LXDEncoding */;
			targetProxy = EFE31F661C3F5E6F00A4F063 /* PBXContainerItemProxy */;
		};
/* End PBXTargetDependency section */

/* Begin PBXVariantGroup section */
		EFE31F4D1C3F5E6F00A4F063 /* Main.storyboard */ = {
			isa = PBXVariantGroup;
			children = (
				EFE31F4E1C3F5E6F00A4F063 /* Base */,
			);
			name = Main.storyboard;
			sourceTree = "<group>";
		};
		EFE31F521C3F5E6F00A4F063 /* LaunchScreen.storyboard */ = {
			isa = PBXVariantGroup;
			children = (
				EFE31F531C3F5E6F00A4F063 /* Base */,
			);
			name = LaunchScreen.storyboard;
			sourceTree = "<group>";
		};
/* End PBXVariantGroup section */

/* Begin XCBuildConfiguration section */
		EFE31F6C1C3F5E6F00A4F063 /* Debug */ = {
			isa = XCBuildConfiguration;
			buildSettings = {
				ALWAYS_SEARCH_USER_PATHS = NO;
				CLANG_CXX_LANGUAGE_STANDARD = "gnu++0x";
				CLANG_CXX_LIBRARY = "libc++";
				CLANG_ENABLE_MODULES = YES;
				CLANG_ENABLE_OBJC_ARC = YES;
				CLANG_WARN_BOOL_CONVERSION = YES;
				CLANG_WARN_CONSTANT_CONVERSION = YES;
				CLANG_WARN_DIRECT_OBJC_ISA_USAGE = YES_ERROR;
				CLANG_WARN_EMPTY_BODY = YES;
				CLANG_WARN_ENUM_CONVERSION = YES;
				CLANG_WARN_INT_CONVERSION = YES;
				CLANG_WARN_OBJC_ROOT_CLASS = YES_ERROR;
				CLANG_WARN_UNREACHABLE_CODE = YES;
				CLANG_WARN__DUPLICATE_METHOD_MATCH = YES;
				"CODE_SIGN_IDENTITY[sdk=iphoneos*]" = "iPhone Developer";
				COPY_PHASE_STRIP = NO;
				DEBUG_INFORMATION_FORMAT = dwarf;
				ENABLE_STRICT_OBJC_MSGSEND = YES;
				ENABLE_TESTABILITY = YES;
				GCC_C_LANGUAGE_STANDARD = gnu99;
				GCC_DYNAMIC_NO_PIC = NO;
				GCC_NO_COMMON_BLOCKS = YES;
				GCC_OPTIMIZATION_LEVEL = 0;
				GCC_PREPROCESSOR_DEFINITIONS = (
					"DEBUG=1",
					"$(inherited)",
				);
				GCC_WARN_64_TO_32_BIT_CONVERSION = YES;
				GCC_WARN_ABOUT_RETURN_TYPE = YES_ERROR;
				GCC_WARN_UNDECLARED_SELECTOR = YES;
				GCC_WARN_UNINITIALIZED_AUTOS = YES_AGGRESSIVE;
				GCC_WARN_UNUSED_FUNCTION = YES;
				GCC_WARN_UNUSED_VARIABLE = YES;
				IPHONEOS_DEPLOYMENT_TARGET = 9.2;
				MTL_ENABLE_DEBUG_INFO = YES;
				ONLY_ACTIVE_ARCH = YES;
				SDKROOT = iphoneos;
			};
			name = Debug;
		};
		EFE31F6D1C3F5E6F00A4F063 /* Release */ = {
			isa = XCBuildConfiguration;
			buildSettings = {
				ALWAYS_SEARCH_USER_PATHS = NO;
				CLANG_CXX_LANGUAGE_STANDARD = "gnu++0x";
				CLANG_CXX_LIBRARY = "libc++";
				CLANG_ENABLE_MODULES = YES;
				CLANG_ENABLE_OBJC_ARC = YES;
				CLANG_WARN_BOOL_CONVERSION = YES;
				CLANG_WARN_CONSTANT_CONVERSION = YES;
				CLANG_WARN_DIRECT_OBJC_ISA_USAGE = YES_ERROR;
				CLANG_WARN_EMPTY_BODY = YES;
				CLANG_WARN_ENUM_CONVERSION = YES;
				CLANG_WARN_INT_CONVERSION = YES;
				CLANG_WARN_OBJC_ROOT_CLASS = YES_ERROR;
				CLANG_WARN_UNREACHABLE_CODE = YES;
				CLANG_WARN__DUPLICATE_METHOD_MATCH = YES;
				"CODE_SIGN_IDENTITY[sdk=iphoneos*]" = "iPhone Developer";
				COPY_PHASE_STRIP = NO;
				DEBUG_INFORMATION_FORMAT = "dwarf-with-dsym";
				ENABLE_NS_ASSERTIONS = NO;
				ENABLE_STRICT_OBJC_MSGSEND = YES;
				GCC_C_LANGUAGE_STANDARD = gnu99;
				GCC_NO_COMMON_BLOCKS = YES;
				GCC_WARN_64_TO_32_BIT_CONVERSION = YES;
				GCC_WARN_ABOUT_RETURN_TYPE = YES_ERROR;
				GCC_WARN_UNDECLARED_SELECTOR = YES;
				GCC_WARN_UNINITIALIZED_AUTOS = YES_AGGRESSIVE;
				GCC_WARN_UNUSED_FUNCTION = YES;
				GCC_WARN_UNUSED_VARIABLE = YES;
				IPHONEOS_DEPLOYMENT_TARGET = 9.2;
				MTL_ENABLE_DEBUG_INFO = NO;
				SDKROOT = iphoneos;
				VALIDATE_PRODUCT = YES;
			};
			name = Release;
		};
		EFE31F6F1C3F5E6F00A4F063 /* Debug */ = {
			isa = XCBuildConfiguration;
			buildSettings = {
				ASSETCATALOG_COMPILER_APPICON_NAME = AppIcon;
				INFOPLIST_FILE = LXDEncoding/Info.plist;
				LD_RUNPATH_SEARCH_PATHS = "$(inherited) @executable_path/Frameworks";
				PRODUCT_BUNDLE_IDENTIFIER = sindrilin.com.LXDEncoding;
				PRODUCT_NAME = "$(TARGET_NAME)";
			};
			name = Debug;
		};
		EFE31F701C3F5E6F00A4F063 /* Release */ = {
			isa = XCBuildConfiguration;
			buildSettings = {
				ASSETCATALOG_COMPILER_APPICON_NAME = AppIcon;
				INFOPLIST_FILE = LXDEncoding/Info.plist;
				LD_RUNPATH_SEARCH_PATHS = "$(inherited) @executable_path/Frameworks";
				PRODUCT_BUNDLE_IDENTIFIER = sindrilin.com.LXDEncoding;
				PRODUCT_NAME = "$(TARGET_NAME)";
			};
			name = Release;
		};
		EFE31F721C3F5E6F00A4F063 /* Debug */ = {
			isa = XCBuildConfiguration;
			buildSettings = {
				BUNDLE_LOADER = "$(TEST_HOST)";
				INFOPLIST_FILE = LXDEncodingTests/Info.plist;
				LD_RUNPATH_SEARCH_PATHS = "$(inherited) @executable_path/Frameworks @loader_path/Frameworks";
				PRODUCT_BUNDLE_IDENTIFIER = sindrilin.com.LXDEncodingTests;
				PRODUCT_NAME = "$(TARGET_NAME)";
				TEST_HOST = "$(BUILT_PRODUCTS_DIR)/LXDEncoding.app/LXDEncoding";
			};
			name = Debug;
		};
		EFE31F731C3F5E6F00A4F063 /* Release */ = {
			isa = XCBuildConfiguration;
			buildSettings = {
				BUNDLE_LOADER = "$(TEST_HOST)";
				INFOPLIST_FILE = LXDEncodingTests/Info.plist;
				LD_RUNPATH_SEARCH_PATHS = "$(inherited) @executable_path/Frameworks @loader_path/Frameworks";
				PRODUCT_BUNDLE_IDENTIFIER = sindrilin.com.LXDEncodingTests;
				PRODUCT_NAME = "$(TARGET_NAME)";
				TEST_HOST = "$(BUILT_PRODUCTS_DIR)/LXDEncoding.app/LXDEncoding";
			};
			name = Release;
		};
		EFE31F751C3F5E6F00A4F063 /* Debug */ = {
			isa = XCBuildConfiguration;
			buildSettings = {
				INFOPLIST_FILE = LXDEncodingUITests/Info.plist;
				LD_RUNPATH_SEARCH_PATHS = "$(inherited) @executable_path/Frameworks @loader_path/Frameworks";
				PRODUCT_BUNDLE_IDENTIFIER = sindrilin.com.LXDEncodingUITests;
				PRODUCT_NAME = "$(TARGET_NAME)";
				TEST_TARGET_NAME = LXDEncoding;
				USES_XCTRUNNER = YES;
			};
			name = Debug;
		};
		EFE31F761C3F5E6F00A4F063 /* Release */ = {
			isa = XCBuildConfiguration;
			buildSettings = {
				INFOPLIST_FILE = LXDEncodingUITests/Info.plist;
				LD_RUNPATH_SEARCH_PATHS = "$(inherited) @executable_path/Frameworks @loader_path/Frameworks";
				PRODUCT_BUNDLE_IDENTIFIER = sindrilin.com.LXDEncodingUITests;
				PRODUCT_NAME = "$(TARGET_NAME)";
				TEST_TARGET_NAME = LXDEncoding;
				USES_XCTRUNNER = YES;
			};
			name = Release;
		};
/* End XCBuildConfiguration section */

/* Begin XCConfigurationList section */
		EFE31F3C1C3F5E6F00A4F063 /* Build configuration list for PBXProject "LXDEncoding" */ = {
			isa = XCConfigurationList;
			buildConfigurations = (
				EFE31F6C1C3F5E6F00A4F063 /* Debug */,
				EFE31F6D1C3F5E6F00A4F063 /* Release */,
			);
			defaultConfigurationIsVisible = 0;
			defaultConfigurationName = Release;
		};
		EFE31F6E1C3F5E6F00A4F063 /* Build configuration list for PBXNativeTarget "LXDEncoding" */ = {
			isa = XCConfigurationList;
			buildConfigurations = (
				EFE31F6F1C3F5E6F00A4F063 /* Debug */,
				EFE31F701C3F5E6F00A4F063 /* Release */,
			);
			defaultConfigurationIsVisible = 0;
		};
		EFE31F711C3F5E6F00A4F063 /* Build configuration list for PBXNativeTarget "LXDEncodingTests" */ = {
			isa = XCConfigurationList;
			buildConfigurations = (
				EFE31F721C3F5E6F00A4F063 /* Debug */,
				EFE31F731C3F5E6F00A4F063 /* Release */,
			);
			defaultConfigurationIsVisible = 0;
		};
		EFE31F741C3F5E6F00A4F063 /* Build configuration list for PBXNativeTarget "LXDEncodingUITests" */ = {
			isa = XCConfigurationList;
			buildConfigurations = (
				EFE31F751C3F5E6F00A4F063 /* Debug */,
				EFE31F761C3F5E6F00A4F063 /* Release */,
			);
			defaultConfigurationIsVisible = 0;
		};
/* End XCConfigurationList section */
	};
	rootObject = EFE31F391C3F5E6F00A4F063 /* Project object */;
}
